
Microsoft Visual Studio Solution File, Format Version 12.00
# Visual Studio Version 16
VisualStudioVersion = 16.0.31321.278
MinimumVisualStudioVersion = 10.0.40219.1
Project("{FAE04EC0-301F-11D3-BF4B-00C04F79EFBC}") = "bookstoreonline", "bookstoreonline.csproj", "{D74FD5FC-8BEA-425E-A273-A9BD4F47BE2E}"
EndProject
Global
	GlobalSection(SolutionConfigurationPlatforms) = preSolution
		Debug|Any CPU = Debug|Any CPU
		Release|Any CPU = Release|Any CPU
	EndGlobalSection
	GlobalSection(ProjectConfigurationPlatforms) = postSolution
		{D74FD5FC-8BEA-425E-A273-A9BD4F47BE2E}.Debug|Any CPU.ActiveCfg = Debug|Any CPU
		{D74FD5FC-8BEA-425E-A273-A9BD4F47BE2E}.Debug|Any CPU.Build.0 = Debug|Any CPU
		{D74FD5FC-8BEA-425E-A273-A9BD4F47BE2E}.Release|Any CPU.ActiveCfg = Release|Any CPU
		{D74FD5FC-8BEA-425E-A273-A9BD4F47BE2E}.Release|Any CPU.Build.0 = Release|Any CPU
	EndGlobalSection
	GlobalSection(SolutionProperties) = preSolution
		HideSolutionNode = FALSE
	EndGlobalSection
	GlobalSection(ExtensibilityGlobals) = postSolution
		SolutionGuid = {A967B35D-16CB-40D4-B83A-233B734CA695}
	EndGlobalSection
EndGlobal
